
Microsoft Visual Studio Solution File, Format Version 12.00
# Visual Studio Version 16
VisualStudioVersion = 16.0.31129.286
MinimumVisualStudioVersion = 10.0.40219.1
Project("{FAE04EC0-301F-11D3-BF4B-00C04F79EFBC}") = "ExtractMasterLevel", "ExtractMasterLevel.csproj", "{813E13A1-7CD6-42C3-8DEF-117C25287A61}"
EndProject
Global
	GlobalSection(SolutionConfigurationPlatforms) = preSolution
		Debug|Any CPU = Debug|Any CPU
		Release|Any CPU = Release|Any CPU
	EndGlobalSection
	GlobalSection(ProjectConfigurationPlatforms) = postSolution
		{813E13A1-7CD6-42C3-8DEF-117C25287A61}.Debug|Any CPU.ActiveCfg = Debug|Any CPU
		{813E13A1-7CD6-42C3-8DEF-117C25287A61}.Debug|Any CPU.Build.0 = Debug|Any CPU
		{813E13A1-7CD6-42C3-8DEF-117C25287A61}.Release|Any CPU.ActiveCfg = Release|Any CPU
		{813E13A1-7CD6-42C3-8DEF-117C25287A61}.Release|Any CPU.Build.0 = Release|Any CPU
	EndGlobalSection
	GlobalSection(SolutionProperties) = preSolution
		HideSolutionNode = FALSE
	EndGlobalSection
	GlobalSection(ExtensibilityGlobals) = postSolution
		SolutionGuid = {87416750-22A2-4EFB-B4D3-A4E2D1541DCA}
	EndGlobalSection
EndGlobal
